<?xml version="1.0" encoding="utf-8"?>
<Project ToolsVersion="4.0" xmlns="http://schemas.microsoft.com/developer/msbuild/2003">
  <ItemGroup>
    <ClCompile Include="src\Main.cpp" />
    <ClCompile Include="src\Core\Memory.cpp">
      <Filter>Core</Filter>
    </ClCompile>
    <ClCompile Include="src\Core\Assert.cpp">
      <Filter>Core</Filter>
    </ClCompile>
    <ClCompile Include="src\Core\Array.cpp">
      <Filter>Core</Filter>
    </ClCompile>
    <ClCompile Include="src\Core\UnitTest.cpp">
      <Filter>Core</Filter>
    </ClCompile>
    <ClCompile Include="src\Core\Console.cpp">
      <Filter>Core</Filter>
    </ClCompile>
    <ClCompile Include="src\Core\Map.cpp">
      <Filter>Core</Filter>
    </ClCompile>
  </ItemGroup>
  <ItemGroup>
    <ClInclude Include="src\pch.h" />
    <ClInclude Include="src\Core\Memory.h">
      <Filter>Core</Filter>
    </ClInclude>
    <ClInclude Include="src\Core\StringConv.h">
      <Filter>Core</Filter>
    </ClInclude>
    <ClInclude Include="src\Core\Core.h">
      <Filter>Core</Filter>
    </ClInclude>
    <ClInclude Include="src\Core\Types.h">
      <Filter>Core</Filter>
    </ClInclude>
    <ClInclude Include="src\Core\FatalError.h">
      <Filter>Core</Filter>
    </ClInclude>
    <ClInclude Include="src\Core\Array.h">
      <Filter>Core</Filter>
    </ClInclude>
    <ClInclude Include="src\Core\Defines.h">
      <Filter>Core</Filter>
    </ClInclude>
    <ClInclude Include="src\Core\Containers.h">
      <Filter>Core</Filter>
    </ClInclude>
    <ClInclude Include="resource.h" />
    <ClInclude Include="src\Core\Assert.h">
      <Filter>Core</Filter>
    </ClInclude>
    <ClInclude Include="src\Core\String.h">
      <Filter>Core</Filter>
    </ClInclude>
    <ClInclude Include="src\Core\UnitTest.h">
      <Filter>Core</Filter>
    </ClInclude>
    <ClInclude Include="src\Core\Console.h">
      <Filter>Core</Filter>
    </ClInclude>
    <ClInclude Include="src\Core\Object.h">
      <Filter>Core</Filter>
    </ClInclude>
    <ClInclude Include="src\Core\Map.h">
      <Filter>Core</Filter>
    </ClInclude>
    <ClInclude Include="src\Core\Utils.h">
      <Filter>Core</Filter>
    </ClInclude>
    <ClInclude Include="src\Core\BinaryTree.h">
      <Filter>Core</Filter>
    </ClInclude>
  </ItemGroup>
  <ItemGroup>
    <Filter Include="Core">
      <UniqueIdentifier>{4da99bd3-0746-4afc-ba1d-85795b77517e}</UniqueIdentifier>
    </Filter>
    <Filter Include="Engine">
      <UniqueIdentifier>{0180a5ba-83ff-49a4-90f0-ed9e8354d78a}</UniqueIdentifier>
    </Filter>
  </ItemGroup>
  <ItemGroup>
    <ResourceCompile Include="proef.rc" />
  </ItemGroup>
</Project>